
Microsoft Visual Studio Solution File, Format Version 12.00
# Visual Studio 14
VisualStudioVersion = 14.0.25123.0
MinimumVisualStudioVersion = 10.0.40219.1
Project("{FAE04EC0-301F-11D3-BF4B-00C04F79EFBC}") = "RedisMessaging", "RedisMessaging\RedisMessaging.csproj", "{2CDD2CED-767F-4430-B682-766489D82C1E}"
EndProject
Project("{FAE04EC0-301F-11D3-BF4B-00C04F79EFBC}") = "MessageQueue.Contracts", "MessageQueue.Contracts\MessageQueue.Contracts.csproj", "{2899CE59-1793-4AAE-9277-1A5C7C7D6B1E}"
EndProject
Project("{FAE04EC0-301F-11D3-BF4B-00C04F79EFBC}") = "RedisMessaging.Tests", "RedisMessaging.Tests\RedisMessaging.Tests.csproj", "{3730259A-1426-4E0D-95A8-EEA8B24AA011}"
EndProject
Project("{FAE04EC0-301F-11D3-BF4B-00C04F79EFBC}") = "TestApp", "TestApp\TestApp.csproj", "{992EEBF3-D7AC-4B0F-ADA5-ABCCB31141FF}"
EndProject
Global
	GlobalSection(Performance) = preSolution
		HasPerformanceSessions = true
	EndGlobalSection
	GlobalSection(SolutionConfigurationPlatforms) = preSolution
		Debug|Any CPU = Debug|Any CPU
		Release|Any CPU = Release|Any CPU
	EndGlobalSection
	GlobalSection(ProjectConfigurationPlatforms) = postSolution
		{2CDD2CED-767F-4430-B682-766489D82C1E}.Debug|Any CPU.ActiveCfg = Debug|Any CPU
		{2CDD2CED-767F-4430-B682-766489D82C1E}.Debug|Any CPU.Build.0 = Debug|Any CPU
		{2CDD2CED-767F-4430-B682-766489D82C1E}.Release|Any CPU.ActiveCfg = Release|Any CPU
		{2CDD2CED-767F-4430-B682-766489D82C1E}.Release|Any CPU.Build.0 = Release|Any CPU
		{2899CE59-1793-4AAE-9277-1A5C7C7D6B1E}.Debug|Any CPU.ActiveCfg = Debug|Any CPU
		{2899CE59-1793-4AAE-9277-1A5C7C7D6B1E}.Debug|Any CPU.Build.0 = Debug|Any CPU
		{2899CE59-1793-4AAE-9277-1A5C7C7D6B1E}.Release|Any CPU.ActiveCfg = Release|Any CPU
		{2899CE59-1793-4AAE-9277-1A5C7C7D6B1E}.Release|Any CPU.Build.0 = Release|Any CPU
		{3730259A-1426-4E0D-95A8-EEA8B24AA011}.Debug|Any CPU.ActiveCfg = Debug|Any CPU
		{3730259A-1426-4E0D-95A8-EEA8B24AA011}.Debug|Any CPU.Build.0 = Debug|Any CPU
		{3730259A-1426-4E0D-95A8-EEA8B24AA011}.Release|Any CPU.ActiveCfg = Release|Any CPU
		{3730259A-1426-4E0D-95A8-EEA8B24AA011}.Release|Any CPU.Build.0 = Release|Any CPU
		{992EEBF3-D7AC-4B0F-ADA5-ABCCB31141FF}.Debug|Any CPU.ActiveCfg = Debug|Any CPU
		{992EEBF3-D7AC-4B0F-ADA5-ABCCB31141FF}.Debug|Any CPU.Build.0 = Debug|Any CPU
		{992EEBF3-D7AC-4B0F-ADA5-ABCCB31141FF}.Release|Any CPU.ActiveCfg = Release|Any CPU
		{992EEBF3-D7AC-4B0F-ADA5-ABCCB31141FF}.Release|Any CPU.Build.0 = Release|Any CPU
	EndGlobalSection
	GlobalSection(SolutionProperties) = preSolution
		HideSolutionNode = FALSE
	EndGlobalSection
EndGlobal
